{
    "_readme": [
        "This file locks the dependencies of your project to a known state",
        "Read more about it at https://getcomposer.org/doc/01-basic-usage.md#composer-lock-the-lock-file",
        "This file is @generated automatically"
    ],
    "hash": "d409a5d4bca0bada4041be79a3ea66ce",
    "packages": [
        {
            "name": "catlabinteractive/neuron",
            "version": "dev-master",
            "source": {
                "type": "git",
                "url": "https://github.com/CatLabInteractive/Neuron.git",
                "reference": "7871bb72b2ac44fd5981c94e0a3db6012ff8e0cc"
            },
            "dist": {
                "type": "zip",
                "url": "https://api.github.com/repos/CatLabInteractive/Neuron/zipball/7871bb72b2ac44fd5981c94e0a3db6012ff8e0cc",
                "reference": "7871bb72b2ac44fd5981c94e0a3db6012ff8e0cc",
                "shasum": ""
            },
            "require": {
                "ext-gettext": "*",
                "nesbot/carbon": "~1.18",
                "php": ">=5.5.0"
            },
            "type": "library",
            "autoload": {
                "psr-4": {
                    "Neuron\\": "src/Neuron/"
                }
            },
            "notification-url": "https://packagist.org/downloads/",
            "license": [
                "MIT"
            ],
            "authors": [
                {
                    "name": "Thijs Van der Schaeghe",
                    "email": "info@catlab.be",
                    "homepage": "https://www.catlab.eu/",
                    "role": "Developer"
                }
            ],
            "description": "Very light php framework. Should probably not be used.",
            "homepage": "http://github.com/catlabinteractive/neuron",
            "keywords": [
                "framework"
            ],
            "time": "2015-05-31 11:03:03"
        },
        {
            "name": "nesbot/carbon",
            "version": "1.19.0",
            "source": {
                "type": "git",
                "url": "https://github.com/briannesbitt/Carbon.git",
                "reference": "68868e0b02d2d803d0052a59d4e5003cccf87320"
            },
            "dist": {
                "type": "zip",
                "url": "https://api.github.com/repos/briannesbitt/Carbon/zipball/68868e0b02d2d803d0052a59d4e5003cccf87320",
                "reference": "68868e0b02d2d803d0052a59d4e5003cccf87320",
                "shasum": ""
            },
            "require": {
                "php": ">=5.3.0",
                "symfony/translation": "~2.6"
            },
            "require-dev": {
                "phpunit/phpunit": "~4.0"
            },
            "type": "library",
            "autoload": {
                "psr-0": {
                    "Carbon": "src"
                }
            },
            "notification-url": "https://packagist.org/downloads/",
            "license": [
                "MIT"
            ],
            "authors": [
                {
                    "name": "Brian Nesbitt",
                    "email": "brian@nesbot.com",
                    "homepage": "http://nesbot.com"
                }
            ],
            "description": "A simple API extension for DateTime.",
            "homepage": "http://carbon.nesbot.com",
            "keywords": [
                "date",
                "datetime",
                "time"
            ],
            "time": "2015-05-09 03:23:44"
        },
        {
            "name": "symfony/translation",
            "version": "v2.7.1",
            "source": {
                "type": "git",
                "url": "https://github.com/symfony/Translation.git",
                "reference": "8349a2b0d11bd0311df9e8914408080912983a0b"
            },
            "dist": {
                "type": "zip",
                "url": "https://api.github.com/repos/symfony/Translation/zipball/8349a2b0d11bd0311df9e8914408080912983a0b",
                "reference": "8349a2b0d11bd0311df9e8914408080912983a0b",
                "shasum": ""
            },
            "require": {
                "php": ">=5.3.9"
            },
            "conflict": {
                "symfony/config": "<2.7"
            },
            "require-dev": {
                "psr/log": "~1.0",
                "symfony/config": "~2.7",
                "symfony/intl": "~2.3",
                "symfony/phpunit-bridge": "~2.7",
                "symfony/yaml": "~2.2"
            },
            "suggest": {
                "psr/log": "To use logging capability in translator",
                "symfony/config": "",
                "symfony/yaml": ""
            },
            "type": "library",
            "extra": {
                "branch-alias": {
                    "dev-master": "2.7-dev"
                }
            },
            "autoload": {
                "psr-4": {
                    "Symfony\\Component\\Translation\\": ""
                }
            },
            "notification-url": "https://packagist.org/downloads/",
            "license": [
                "MIT"
            ],
            "authors": [
                {
                    "name": "Fabien Potencier",
                    "email": "fabien@symfony.com"
                },
                {
                    "name": "Symfony Community",
                    "homepage": "https://symfony.com/contributors"
                }
            ],
            "description": "Symfony Translation Component",
            "homepage": "https://symfony.com",
            "time": "2015-06-11 17:26:34"
        }
    ],
    "packages-dev": [
        {
            "name": "heroku/heroku-buildpack-php",
            "version": "v69",
            "source": {
                "type": "git",
                "url": "https://github.com/heroku/heroku-buildpack-php.git",
                "reference": "402c26919e848f7c7a78b754db41dc3c1c841ff0"
            },
            "dist": {
                "type": "zip",
                "url": "https://api.github.com/repos/heroku/heroku-buildpack-php/zipball/402c26919e848f7c7a78b754db41dc3c1c841ff0",
                "reference": "402c26919e848f7c7a78b754db41dc3c1c841ff0",
                "shasum": ""
            },
            "bin": [
                "bin/heroku-hhvm-apache2",
                "bin/heroku-hhvm-nginx",
                "bin/heroku-php-apache2",
                "bin/heroku-php-nginx"
            ],
            "type": "library",
            "notification-url": "https://packagist.org/downloads/",
            "license": [
                "MIT"
            ],
            "authors": [
                {
                    "name": "David Zuelke",
                    "email": "dz@heroku.com"
                }
            ],
            "description": "Toolkit for starting a PHP application locally, with or without foreman, using the same config for PHP/HHVM and Apache2/Nginx as on Heroku",
            "homepage": "http://github.com/heroku/heroku-buildpack-php",
            "keywords": [
                "apache",
                "apache2",
                "foreman",
                "heroku",
                "hhvm",
                "nginx",
                "php"
            ],
            "time": "2015-06-12 00:59:11"
        }
    ],
    "aliases": [],
    "minimum-stability": "stable",
    "stability-flags": {
        "catlabinteractive/neuron": 20
    },
    "prefer-stable": false,
    "prefer-lowest": false,
    "platform": {
        "ext-gd": "*"
    },
    "platform-dev": []
}
